// !$*UTF8*$!
{
	archiveVersion = 1;
	classes = {
	};
	objectVersion = 56;
	objects = {

/* Begin PBXBuildFile section */
		F62962F92AD153F200E7E9D5 /* Product.swift in Sources */ = {isa = PBXBuildFile; fileRef = F62962F82AD153F200E7E9D5 /* Product.swift */; };
		F62962FC2AD2246900E7E9D5 /* HomeViewModel.swift in Sources */ = {isa = PBXBuildFile; fileRef = F62962FB2AD2246900E7E9D5 /* HomeViewModel.swift */; };
		F629632E2AD4491C00E7E9D5 /* LoginView.swift in Sources */ = {isa = PBXBuildFile; fileRef = F629632D2AD4491C00E7E9D5 /* LoginView.swift */; };
		F62963322AD455A600E7E9D5 /* FirebaseAuth in Frameworks */ = {isa = PBXBuildFile; productRef = F62963312AD455A600E7E9D5 /* FirebaseAuth */; };
		F62963342AD4573900E7E9D5 /* LoginViewModel.swift in Sources */ = {isa = PBXBuildFile; fileRef = F62963332AD4573900E7E9D5 /* LoginViewModel.swift */; };
		F65609722ACA022500BC12DB /* eCommerceApp.swift in Sources */ = {isa = PBXBuildFile; fileRef = F65609712ACA022500BC12DB /* eCommerceApp.swift */; };
		F65609742ACA022500BC12DB /* ContentView.swift in Sources */ = {isa = PBXBuildFile; fileRef = F65609732ACA022500BC12DB /* ContentView.swift */; };
		F65609762ACA022900BC12DB /* Assets.xcassets in Resources */ = {isa = PBXBuildFile; fileRef = F65609752ACA022900BC12DB /* Assets.xcassets */; };
		F65609792ACA022900BC12DB /* Preview Assets.xcassets in Resources */ = {isa = PBXBuildFile; fileRef = F65609782ACA022900BC12DB /* Preview Assets.xcassets */; };
		F65609802ACA035C00BC12DB /* CartView.swift in Sources */ = {isa = PBXBuildFile; fileRef = F656097F2ACA035C00BC12DB /* CartView.swift */; };
		F65609822ACA037300BC12DB /* FavouritesView.swift in Sources */ = {isa = PBXBuildFile; fileRef = F65609812ACA037300BC12DB /* FavouritesView.swift */; };
		F65609842ACA038700BC12DB /* AccountView.swift in Sources */ = {isa = PBXBuildFile; fileRef = F65609832ACA038700BC12DB /* AccountView.swift */; };
		F65609862ACA3DA100BC12DB /* HomeView.swift in Sources */ = {isa = PBXBuildFile; fileRef = F65609852ACA3DA100BC12DB /* HomeView.swift */; };
/* End PBXBuildFile section */

/* Begin PBXFileReference section */
		F62962F82AD153F200E7E9D5 /* Product.swift */ = {isa = PBXFileReference; lastKnownFileType = sourcecode.swift; path = Product.swift; sourceTree = "<group>"; };
		F62962FB2AD2246900E7E9D5 /* HomeViewModel.swift */ = {isa = PBXFileReference; lastKnownFileType = sourcecode.swift; path = HomeViewModel.swift; sourceTree = "<group>"; };
		F629632D2AD4491C00E7E9D5 /* LoginView.swift */ = {isa = PBXFileReference; lastKnownFileType = sourcecode.swift; path = LoginView.swift; sourceTree = "<group>"; };
		F62963332AD4573900E7E9D5 /* LoginViewModel.swift */ = {isa = PBXFileReference; lastKnownFileType = sourcecode.swift; path = LoginViewModel.swift; sourceTree = "<group>"; };
		F656096E2ACA022500BC12DB /* eCommerce.app */ = {isa = PBXFileReference; explicitFileType = wrapper.application; includeInIndex = 0; path = eCommerce.app; sourceTree = BUILT_PRODUCTS_DIR; };
		F65609712ACA022500BC12DB /* eCommerceApp.swift */ = {isa = PBXFileReference; lastKnownFileType = sourcecode.swift; path = eCommerceApp.swift; sourceTree = "<group>"; };
		F65609732ACA022500BC12DB /* ContentView.swift */ = {isa = PBXFileReference; lastKnownFileType = sourcecode.swift; path = ContentView.swift; sourceTree = "<group>"; };
		F65609752ACA022900BC12DB /* Assets.xcassets */ = {isa = PBXFileReference; lastKnownFileType = folder.assetcatalog; path = Assets.xcassets; sourceTree = "<group>"; };
		F65609782ACA022900BC12DB /* Preview Assets.xcassets */ = {isa = PBXFileReference; lastKnownFileType = folder.assetcatalog; path = "Preview Assets.xcassets"; sourceTree = "<group>"; };
		F656097F2ACA035C00BC12DB /* CartView.swift */ = {isa = PBXFileReference; lastKnownFileType = sourcecode.swift; path = CartView.swift; sourceTree = "<group>"; };
		F65609812ACA037300BC12DB /* FavouritesView.swift */ = {isa = PBXFileReference; lastKnownFileType = sourcecode.swift; path = FavouritesView.swift; sourceTree = "<group>"; };
		F65609832ACA038700BC12DB /* AccountView.swift */ = {isa = PBXFileReference; lastKnownFileType = sourcecode.swift; path = AccountView.swift; sourceTree = "<group>"; };
		F65609852ACA3DA100BC12DB /* HomeView.swift */ = {isa = PBXFileReference; lastKnownFileType = sourcecode.swift; path = HomeView.swift; sourceTree = "<group>"; };
/* End PBXFileReference section */

/* Begin PBXFrameworksBuildPhase section */
		F656096B2ACA022500BC12DB /* Frameworks */ = {
			isa = PBXFrameworksBuildPhase;
			buildActionMask = 2147483647;
			files = (
				F62963322AD455A600E7E9D5 /* FirebaseAuth in Frameworks */,
			);
			runOnlyForDeploymentPostprocessing = 0;
		};
/* End PBXFrameworksBuildPhase section */

/* Begin PBXGroup section */
		F62962F72AD153E400E7E9D5 /* Models */ = {
			isa = PBXGroup;
			children = (
				F62962F82AD153F200E7E9D5 /* Product.swift */,
			);
			path = Models;
			sourceTree = "<group>";
		};
		F62962FA2AD2245600E7E9D5 /* ViewModels */ = {
			isa = PBXGroup;
			children = (
				F62962FB2AD2246900E7E9D5 /* HomeViewModel.swift */,
				F62963332AD4573900E7E9D5 /* LoginViewModel.swift */,
			);
			path = ViewModels;
			sourceTree = "<group>";
		};
		F62962FD2AD2248100E7E9D5 /* Views */ = {
			isa = PBXGroup;
			children = (
				F65609852ACA3DA100BC12DB /* HomeView.swift */,
				F656097F2ACA035C00BC12DB /* CartView.swift */,
				F65609732ACA022500BC12DB /* ContentView.swift */,
				F65609832ACA038700BC12DB /* AccountView.swift */,
				F65609812ACA037300BC12DB /* FavouritesView.swift */,
				F629632D2AD4491C00E7E9D5 /* LoginView.swift */,
			);
			path = Views;
			sourceTree = "<group>";
		};
		F62963302AD455A600E7E9D5 /* Frameworks */ = {
			isa = PBXGroup;
			children = (
			);
			name = Frameworks;
			sourceTree = "<group>";
		};
		F65609652ACA022500BC12DB = {
			isa = PBXGroup;
			children = (
				F65609702ACA022500BC12DB /* eCommerce */,
				F656096F2ACA022500BC12DB /* Products */,
				F62963302AD455A600E7E9D5 /* Frameworks */,
			);
			sourceTree = "<group>";
		};
		F656096F2ACA022500BC12DB /* Products */ = {
			isa = PBXGroup;
			children = (
				F656096E2ACA022500BC12DB /* eCommerce.app */,
			);
			name = Products;
			sourceTree = "<group>";
		};
		F65609702ACA022500BC12DB /* eCommerce */ = {
			isa = PBXGroup;
			children = (
				F65609712ACA022500BC12DB /* eCommerceApp.swift */,
				F62962F72AD153E400E7E9D5 /* Models */,
				F62962FD2AD2248100E7E9D5 /* Views */,
				F62962FA2AD2245600E7E9D5 /* ViewModels */,
				F65609752ACA022900BC12DB /* Assets.xcassets */,
				F65609772ACA022900BC12DB /* Preview Content */,
			);
			path = eCommerce;
			sourceTree = "<group>";
		};
		F65609772ACA022900BC12DB /* Preview Content */ = {
			isa = PBXGroup;
			children = (
				F65609782ACA022900BC12DB /* Preview Assets.xcassets */,
			);
			path = "Preview Content";
			sourceTree = "<group>";
		};
/* End PBXGroup section */

/* Begin PBXNativeTarget section */
		F656096D2ACA022500BC12DB /* eCommerce */ = {
			isa = PBXNativeTarget;
			buildConfigurationList = F656097C2ACA022900BC12DB /* Build configuration list for PBXNativeTarget "eCommerce" */;
			buildPhases = (
				F656096A2ACA022500BC12DB /* Sources */,
				F656096B2ACA022500BC12DB /* Frameworks */,
				F656096C2ACA022500BC12DB /* Resources */,
			);
			buildRules = (
			);
			dependencies = (
			);
			name = eCommerce;
			packageProductDependencies = (
				F62963312AD455A600E7E9D5 /* FirebaseAuth */,
			);
			productName = eCommerce;
			productReference = F656096E2ACA022500BC12DB /* eCommerce.app */;
			productType = "com.apple.product-type.application";
		};
/* End PBXNativeTarget section */

/* Begin PBXProject section */
		F65609662ACA022500BC12DB /* Project object */ = {
			isa = PBXProject;
			attributes = {
				BuildIndependentTargetsInParallel = 1;
				LastSwiftUpdateCheck = 1420;
				LastUpgradeCheck = 1420;
				TargetAttributes = {
					F656096D2ACA022500BC12DB = {
						CreatedOnToolsVersion = 14.2;
					};
				};
			};
			buildConfigurationList = F65609692ACA022500BC12DB /* Build configuration list for PBXProject "eCommerce" */;
			compatibilityVersion = "Xcode 14.0";
			developmentRegion = en;
			hasScannedForEncodings = 0;
			knownRegions = (
				en,
				Base,
			);
			mainGroup = F65609652ACA022500BC12DB;
			packageReferences = (
				F629632F2AD44F7600E7E9D5 /* XCRemoteSwiftPackageReference "firebase-ios-sdk" */,
			);
			productRefGroup = F656096F2ACA022500BC12DB /* Products */;
			projectDirPath = "";
			projectRoot = "";
			targets = (
				F656096D2ACA022500BC12DB /* eCommerce */,
			);
		};
/* End PBXProject section */

/* Begin PBXResourcesBuildPhase section */
		F656096C2ACA022500BC12DB /* Resources */ = {
			isa = PBXResourcesBuildPhase;
			buildActionMask = 2147483647;
			files = (
				F65609792ACA022900BC12DB /* Preview Assets.xcassets in Resources */,
				F65609762ACA022900BC12DB /* Assets.xcassets in Resources */,
			);
			runOnlyForDeploymentPostprocessing = 0;
		};
/* End PBXResourcesBuildPhase section */

/* Begin PBXSourcesBuildPhase section */
		F656096A2ACA022500BC12DB /* Sources */ = {
			isa = PBXSourcesBuildPhase;
			buildActionMask = 2147483647;
			files = (
				F65609802ACA035C00BC12DB /* CartView.swift in Sources */,
				F65609742ACA022500BC12DB /* ContentView.swift in Sources */,
				F65609822ACA037300BC12DB /* FavouritesView.swift in Sources */,
				F629632E2AD4491C00E7E9D5 /* LoginView.swift in Sources */,
				F62962FC2AD2246900E7E9D5 /* HomeViewModel.swift in Sources */,
				F65609862ACA3DA100BC12DB /* HomeView.swift in Sources */,
				F65609722ACA022500BC12DB /* eCommerceApp.swift in Sources */,
				F65609842ACA038700BC12DB /* AccountView.swift in Sources */,
				F62963342AD4573900E7E9D5 /* LoginViewModel.swift in Sources */,
				F62962F92AD153F200E7E9D5 /* Product.swift in Sources */,
			);
			runOnlyForDeploymentPostprocessing = 0;
		};
/* End PBXSourcesBuildPhase section */

/* Begin XCBuildConfiguration section */
		F656097A2ACA022900BC12DB /* Debug */ = {
			isa = XCBuildConfiguration;
			buildSettings = {
				ALWAYS_SEARCH_USER_PATHS = NO;
				CLANG_ANALYZER_NONNULL = YES;
				CLANG_ANALYZER_NUMBER_OBJECT_CONVERSION = YES_AGGRESSIVE;
				CLANG_CXX_LANGUAGE_STANDARD = "gnu++20";
				CLANG_ENABLE_MODULES = YES;
				CLANG_ENABLE_OBJC_ARC = YES;
				CLANG_ENABLE_OBJC_WEAK = YES;
				CLANG_WARN_BLOCK_CAPTURE_AUTORELEASING = YES;
				CLANG_WARN_BOOL_CONVERSION = YES;
				CLANG_WARN_COMMA = YES;
				CLANG_WARN_CONSTANT_CONVERSION = YES;
				CLANG_WARN_DEPRECATED_OBJC_IMPLEMENTATIONS = YES;
				CLANG_WARN_DIRECT_OBJC_ISA_USAGE = YES_ERROR;
				CLANG_WARN_DOCUMENTATION_COMMENTS = YES;
				CLANG_WARN_EMPTY_BODY = YES;
				CLANG_WARN_ENUM_CONVERSION = YES;
				CLANG_WARN_INFINITE_RECURSION = YES;
				CLANG_WARN_INT_CONVERSION = YES;
				CLANG_WARN_NON_LITERAL_NULL_CONVERSION = YES;
				CLANG_WARN_OBJC_IMPLICIT_RETAIN_SELF = YES;
				CLANG_WARN_OBJC_LITERAL_CONVERSION = YES;
				CLANG_WARN_OBJC_ROOT_CLASS = YES_ERROR;
				CLANG_WARN_QUOTED_INCLUDE_IN_FRAMEWORK_HEADER = YES;
				CLANG_WARN_RANGE_LOOP_ANALYSIS = YES;
				CLANG_WARN_STRICT_PROTOTYPES = YES;
				CLANG_WARN_SUSPICIOUS_MOVE = YES;
				CLANG_WARN_UNGUARDED_AVAILABILITY = YES_AGGRESSIVE;
				CLANG_WARN_UNREACHABLE_CODE = YES;
				CLANG_WARN__DUPLICATE_METHOD_MATCH = YES;
				COPY_PHASE_STRIP = NO;
				DEBUG_INFORMATION_FORMAT = dwarf;
				ENABLE_STRICT_OBJC_MSGSEND = YES;
				ENABLE_TESTABILITY = YES;
				GCC_C_LANGUAGE_STANDARD = gnu11;
				GCC_DYNAMIC_NO_PIC = NO;
				GCC_NO_COMMON_BLOCKS = YES;
				GCC_OPTIMIZATION_LEVEL = 0;
				GCC_PREPROCESSOR_DEFINITIONS = (
					"DEBUG=1",
					"$(inherited)",
				);
				GCC_WARN_64_TO_32_BIT_CONVERSION = YES;
				GCC_WARN_ABOUT_RETURN_TYPE = YES_ERROR;
				GCC_WARN_UNDECLARED_SELECTOR = YES;
				GCC_WARN_UNINITIALIZED_AUTOS = YES_AGGRESSIVE;
				GCC_WARN_UNUSED_FUNCTION = YES;
				GCC_WARN_UNUSED_VARIABLE = YES;
				IPHONEOS_DEPLOYMENT_TARGET = 16.2;
				MTL_ENABLE_DEBUG_INFO = INCLUDE_SOURCE;
				MTL_FAST_MATH = YES;
				ONLY_ACTIVE_ARCH = YES;
				SDKROOT = iphoneos;
				SWIFT_ACTIVE_COMPILATION_CONDITIONS = DEBUG;
				SWIFT_OPTIMIZATION_LEVEL = "-Onone";
			};
			name = Debug;
		};
		F656097B2ACA022900BC12DB /* Release */ = {
			isa = XCBuildConfiguration;
			buildSettings = {
				ALWAYS_SEARCH_USER_PATHS = NO;
				CLANG_ANALYZER_NONNULL = YES;
				CLANG_ANALYZER_NUMBER_OBJECT_CONVERSION = YES_AGGRESSIVE;
				CLANG_CXX_LANGUAGE_STANDARD = "gnu++20";
				CLANG_ENABLE_MODULES = YES;
				CLANG_ENABLE_OBJC_ARC = YES;
				CLANG_ENABLE_OBJC_WEAK = YES;
				CLANG_WARN_BLOCK_CAPTURE_AUTORELEASING = YES;
				CLANG_WARN_BOOL_CONVERSION = YES;
				CLANG_WARN_COMMA = YES;
				CLANG_WARN_CONSTANT_CONVERSION = YES;
				CLANG_WARN_DEPRECATED_OBJC_IMPLEMENTATIONS = YES;
				CLANG_WARN_DIRECT_OBJC_ISA_USAGE = YES_ERROR;
				CLANG_WARN_DOCUMENTATION_COMMENTS = YES;
				CLANG_WARN_EMPTY_BODY = YES;
				CLANG_WARN_ENUM_CONVERSION = YES;
				CLANG_WARN_INFINITE_RECURSION = YES;
				CLANG_WARN_INT_CONVERSION = YES;
				CLANG_WARN_NON_LITERAL_NULL_CONVERSION = YES;
				CLANG_WARN_OBJC_IMPLICIT_RETAIN_SELF = YES;
				CLANG_WARN_OBJC_LITERAL_CONVERSION = YES;
				CLANG_WARN_OBJC_ROOT_CLASS = YES_ERROR;
				CLANG_WARN_QUOTED_INCLUDE_IN_FRAMEWORK_HEADER = YES;
				CLANG_WARN_RANGE_LOOP_ANALYSIS = YES;
				CLANG_WARN_STRICT_PROTOTYPES = YES;
				CLANG_WARN_SUSPICIOUS_MOVE = YES;
				CLANG_WARN_UNGUARDED_AVAILABILITY = YES_AGGRESSIVE;
				CLANG_WARN_UNREACHABLE_CODE = YES;
				CLANG_WARN__DUPLICATE_METHOD_MATCH = YES;
				COPY_PHASE_STRIP = NO;
				DEBUG_INFORMATION_FORMAT = "dwarf-with-dsym";
				ENABLE_NS_ASSERTIONS = NO;
				ENABLE_STRICT_OBJC_MSGSEND = YES;
				GCC_C_LANGUAGE_STANDARD = gnu11;
				GCC_NO_COMMON_BLOCKS = YES;
				GCC_WARN_64_TO_32_BIT_CONVERSION = YES;
				GCC_WARN_ABOUT_RETURN_TYPE = YES_ERROR;
				GCC_WARN_UNDECLARED_SELECTOR = YES;
				GCC_WARN_UNINITIALIZED_AUTOS = YES_AGGRESSIVE;
				GCC_WARN_UNUSED_FUNCTION = YES;
				GCC_WARN_UNUSED_VARIABLE = YES;
				IPHONEOS_DEPLOYMENT_TARGET = 16.2;
				MTL_ENABLE_DEBUG_INFO = NO;
				MTL_FAST_MATH = YES;
				SDKROOT = iphoneos;
				SWIFT_COMPILATION_MODE = wholemodule;
				SWIFT_OPTIMIZATION_LEVEL = "-O";
				VALIDATE_PRODUCT = YES;
			};
			name = Release;
		};
		F656097D2ACA022900BC12DB /* Debug */ = {
			isa = XCBuildConfiguration;
			buildSettings = {
				ASSETCATALOG_COMPILER_APPICON_NAME = AppIcon;
				ASSETCATALOG_COMPILER_GLOBAL_ACCENT_COLOR_NAME = AccentColor;
				CODE_SIGN_STYLE = Automatic;
				CURRENT_PROJECT_VERSION = 1;
				DEVELOPMENT_ASSET_PATHS = "\"eCommerce/Preview Content\"";
				ENABLE_PREVIEWS = YES;
				GENERATE_INFOPLIST_FILE = YES;
				INFOPLIST_KEY_UIApplicationSceneManifest_Generation = YES;
				INFOPLIST_KEY_UIApplicationSupportsIndirectInputEvents = YES;
				INFOPLIST_KEY_UILaunchScreen_Generation = YES;
				INFOPLIST_KEY_UISupportedInterfaceOrientations_iPad = "UIInterfaceOrientationPortrait UIInterfaceOrientationPortraitUpsideDown UIInterfaceOrientationLandscapeLeft UIInterfaceOrientationLandscapeRight";
				INFOPLIST_KEY_UISupportedInterfaceOrientations_iPhone = "UIInterfaceOrientationPortrait UIInterfaceOrientationLandscapeLeft UIInterfaceOrientationLandscapeRight";
				LD_RUNPATH_SEARCH_PATHS = (
					"$(inherited)",
					"@executable_path/Frameworks",
				);
				MARKETING_VERSION = 1.0;
				PRODUCT_BUNDLE_IDENTIFIER = com.shafique.eCommerce;
				PRODUCT_NAME = "$(TARGET_NAME)";
				SWIFT_EMIT_LOC_STRINGS = YES;
				SWIFT_VERSION = 5.0;
				TARGETED_DEVICE_FAMILY = "1,2";
			};
			name = Debug;
		};
		F656097E2ACA022900BC12DB /* Release */ = {
			isa = XCBuildConfiguration;
			buildSettings = {
				ASSETCATALOG_COMPILER_APPICON_NAME = AppIcon;
				ASSETCATALOG_COMPILER_GLOBAL_ACCENT_COLOR_NAME = AccentColor;
				CODE_SIGN_STYLE = Automatic;
				CURRENT_PROJECT_VERSION = 1;
				DEVELOPMENT_ASSET_PATHS = "\"eCommerce/Preview Content\"";
				ENABLE_PREVIEWS = YES;
				GENERATE_INFOPLIST_FILE = YES;
				INFOPLIST_KEY_UIApplicationSceneManifest_Generation = YES;
				INFOPLIST_KEY_UIApplicationSupportsIndirectInputEvents = YES;
				INFOPLIST_KEY_UILaunchScreen_Generation = YES;
				INFOPLIST_KEY_UISupportedInterfaceOrientations_iPad = "UIInterfaceOrientationPortrait UIInterfaceOrientationPortraitUpsideDown UIInterfaceOrientationLandscapeLeft UIInterfaceOrientationLandscapeRight";
				INFOPLIST_KEY_UISupportedInterfaceOrientations_iPhone = "UIInterfaceOrientationPortrait UIInterfaceOrientationLandscapeLeft UIInterfaceOrientationLandscapeRight";
				LD_RUNPATH_SEARCH_PATHS = (
					"$(inherited)",
					"@executable_path/Frameworks",
				);
				MARKETING_VERSION = 1.0;
				PRODUCT_BUNDLE_IDENTIFIER = com.shafique.eCommerce;
				PRODUCT_NAME = "$(TARGET_NAME)";
				SWIFT_EMIT_LOC_STRINGS = YES;
				SWIFT_VERSION = 5.0;
				TARGETED_DEVICE_FAMILY = "1,2";
			};
			name = Release;
		};
/* End XCBuildConfiguration section */

/* Begin XCConfigurationList section */
		F65609692ACA022500BC12DB /* Build configuration list for PBXProject "eCommerce" */ = {
			isa = XCConfigurationList;
			buildConfigurations = (
				F656097A2ACA022900BC12DB /* Debug */,
				F656097B2ACA022900BC12DB /* Release */,
			);
			defaultConfigurationIsVisible = 0;
			defaultConfigurationName = Release;
		};
		F656097C2ACA022900BC12DB /* Build configuration list for PBXNativeTarget "eCommerce" */ = {
			isa = XCConfigurationList;
			buildConfigurations = (
				F656097D2ACA022900BC12DB /* Debug */,
				F656097E2ACA022900BC12DB /* Release */,
			);
			defaultConfigurationIsVisible = 0;
			defaultConfigurationName = Release;
		};
/* End XCConfigurationList section */

/* Begin XCRemoteSwiftPackageReference section */
		F629632F2AD44F7600E7E9D5 /* XCRemoteSwiftPackageReference "firebase-ios-sdk" */ = {
			isa = XCRemoteSwiftPackageReference;
			repositoryURL = "https://github.com/firebase/firebase-ios-sdk";
			requirement = {
				branch = master;
				kind = branch;
			};
		};
/* End XCRemoteSwiftPackageReference section */

/* Begin XCSwiftPackageProductDependency section */
		F62963312AD455A600E7E9D5 /* FirebaseAuth */ = {
			isa = XCSwiftPackageProductDependency;
			package = F629632F2AD44F7600E7E9D5 /* XCRemoteSwiftPackageReference "firebase-ios-sdk" */;
			productName = FirebaseAuth;
		};
/* End XCSwiftPackageProductDependency section */
	};
	rootObject = F65609662ACA022500BC12DB /* Project object */;
}
